
Microsoft Visual Studio Solution File, Format Version 12.00
# Visual Studio 2012
Project("{FAE04EC0-301F-11D3-BF4B-00C04F79EFBC}") = "WampSharp", "WampSharp\WampSharp.csproj", "{D8DFC41B-D22E-4CBF-9BAB-9AE0AF97672B}"
EndProject
Project("{FAE04EC0-301F-11D3-BF4B-00C04F79EFBC}") = "Fleck.Android", "..\..\Fleck\src\Fleck.Android\Fleck.Android.csproj", "{587D3C6D-6D36-4559-A5F4-ACA122CFAA8F}"
EndProject
Project("{2150E333-8FDC-42A3-9474-1A3956D46DE8}") = "Default", "Default", "{EEA37C23-38B0-4EFA-9571-C85F45A2DB7C}"
EndProject
Project("{FAE04EC0-301F-11D3-BF4B-00C04F79EFBC}") = "WampSharp.Fleck", "Default\WampSharp.Fleck\WampSharp.Fleck.csproj", "{6EA1B809-10AD-43C6-81B2-EB330B4A3017}"
EndProject
Project("{FAE04EC0-301F-11D3-BF4B-00C04F79EFBC}") = "WampSharp.NewtonsoftJson", "Default\WampSharp.NewtonsoftJson\WampSharp.NewtonsoftJson.csproj", "{66B331BF-3AEF-4C65-8952-DADA9751E2BA}"
EndProject
Project("{FAE04EC0-301F-11D3-BF4B-00C04F79EFBC}") = "WampSharp.WebSocket4Net", "Default\WampSharp.WebSocket4Net\WampSharp.WebSocket4Net.csproj", "{FF037A9A-9AA2-4FCF-A6FA-144118617684}"
EndProject
Project("{FAE04EC0-301F-11D3-BF4B-00C04F79EFBC}") = "WampSharp.Default.Client", "WampSharp.Default.Client\WampSharp.Default.Client.csproj", "{D0F77FE6-72DA-4453-B4EE-643869864B60}"
EndProject
Project("{FAE04EC0-301F-11D3-BF4B-00C04F79EFBC}") = "WampSharp.Default.Router", "WampSharp.Default.Router\WampSharp.Default.Router.csproj", "{64B28CA2-E6D7-4139-BC6A-F908B7BA20AC}"
EndProject
Project("{2150E333-8FDC-42A3-9474-1A3956D46DE8}") = "Sample", "Sample", "{23D3C309-35A5-4EC0-9963-5B6B6F59D325}"
EndProject
Project("{FAE04EC0-301F-11D3-BF4B-00C04F79EFBC}") = "CrossChat.Android", "Sample\CrossChat.Android\CrossChat.Android.csproj", "{B7125139-7E5E-4609-9582-7D7484F0050E}"
EndProject
Global
	GlobalSection(SolutionConfigurationPlatforms) = preSolution
		Debug|Any CPU = Debug|Any CPU
		Release|Any CPU = Release|Any CPU
	EndGlobalSection
	GlobalSection(ProjectConfigurationPlatforms) = postSolution
		{587D3C6D-6D36-4559-A5F4-ACA122CFAA8F}.Debug|Any CPU.ActiveCfg = Debug|Any CPU
		{587D3C6D-6D36-4559-A5F4-ACA122CFAA8F}.Debug|Any CPU.Build.0 = Debug|Any CPU
		{587D3C6D-6D36-4559-A5F4-ACA122CFAA8F}.Release|Any CPU.ActiveCfg = Release|Any CPU
		{587D3C6D-6D36-4559-A5F4-ACA122CFAA8F}.Release|Any CPU.Build.0 = Release|Any CPU
		{64B28CA2-E6D7-4139-BC6A-F908B7BA20AC}.Debug|Any CPU.ActiveCfg = Debug|Any CPU
		{64B28CA2-E6D7-4139-BC6A-F908B7BA20AC}.Debug|Any CPU.Build.0 = Debug|Any CPU
		{64B28CA2-E6D7-4139-BC6A-F908B7BA20AC}.Release|Any CPU.ActiveCfg = Release|Any CPU
		{64B28CA2-E6D7-4139-BC6A-F908B7BA20AC}.Release|Any CPU.Build.0 = Release|Any CPU
		{66B331BF-3AEF-4C65-8952-DADA9751E2BA}.Debug|Any CPU.ActiveCfg = Debug|Any CPU
		{66B331BF-3AEF-4C65-8952-DADA9751E2BA}.Debug|Any CPU.Build.0 = Debug|Any CPU
		{66B331BF-3AEF-4C65-8952-DADA9751E2BA}.Release|Any CPU.ActiveCfg = Release|Any CPU
		{66B331BF-3AEF-4C65-8952-DADA9751E2BA}.Release|Any CPU.Build.0 = Release|Any CPU
		{6EA1B809-10AD-43C6-81B2-EB330B4A3017}.Debug|Any CPU.ActiveCfg = Debug|Any CPU
		{6EA1B809-10AD-43C6-81B2-EB330B4A3017}.Debug|Any CPU.Build.0 = Debug|Any CPU
		{6EA1B809-10AD-43C6-81B2-EB330B4A3017}.Release|Any CPU.ActiveCfg = Release|Any CPU
		{6EA1B809-10AD-43C6-81B2-EB330B4A3017}.Release|Any CPU.Build.0 = Release|Any CPU
		{B7125139-7E5E-4609-9582-7D7484F0050E}.Debug|Any CPU.ActiveCfg = Debug|Any CPU
		{B7125139-7E5E-4609-9582-7D7484F0050E}.Debug|Any CPU.Build.0 = Debug|Any CPU
		{B7125139-7E5E-4609-9582-7D7484F0050E}.Release|Any CPU.ActiveCfg = Release|Any CPU
		{B7125139-7E5E-4609-9582-7D7484F0050E}.Release|Any CPU.Build.0 = Release|Any CPU
		{D0F77FE6-72DA-4453-B4EE-643869864B60}.Debug|Any CPU.ActiveCfg = Debug|Any CPU
		{D0F77FE6-72DA-4453-B4EE-643869864B60}.Debug|Any CPU.Build.0 = Debug|Any CPU
		{D0F77FE6-72DA-4453-B4EE-643869864B60}.Release|Any CPU.ActiveCfg = Release|Any CPU
		{D0F77FE6-72DA-4453-B4EE-643869864B60}.Release|Any CPU.Build.0 = Release|Any CPU
		{D8DFC41B-D22E-4CBF-9BAB-9AE0AF97672B}.Debug|Any CPU.ActiveCfg = Debug|Any CPU
		{D8DFC41B-D22E-4CBF-9BAB-9AE0AF97672B}.Debug|Any CPU.Build.0 = Debug|Any CPU
		{D8DFC41B-D22E-4CBF-9BAB-9AE0AF97672B}.Release|Any CPU.ActiveCfg = Release|Any CPU
		{D8DFC41B-D22E-4CBF-9BAB-9AE0AF97672B}.Release|Any CPU.Build.0 = Release|Any CPU
		{FF037A9A-9AA2-4FCF-A6FA-144118617684}.Debug|Any CPU.ActiveCfg = Debug|Any CPU
		{FF037A9A-9AA2-4FCF-A6FA-144118617684}.Debug|Any CPU.Build.0 = Debug|Any CPU
		{FF037A9A-9AA2-4FCF-A6FA-144118617684}.Release|Any CPU.ActiveCfg = Release|Any CPU
		{FF037A9A-9AA2-4FCF-A6FA-144118617684}.Release|Any CPU.Build.0 = Release|Any CPU
	EndGlobalSection
	GlobalSection(NestedProjects) = preSolution
		{6EA1B809-10AD-43C6-81B2-EB330B4A3017} = {EEA37C23-38B0-4EFA-9571-C85F45A2DB7C}
		{66B331BF-3AEF-4C65-8952-DADA9751E2BA} = {EEA37C23-38B0-4EFA-9571-C85F45A2DB7C}
		{FF037A9A-9AA2-4FCF-A6FA-144118617684} = {EEA37C23-38B0-4EFA-9571-C85F45A2DB7C}
		{B7125139-7E5E-4609-9582-7D7484F0050E} = {23D3C309-35A5-4EC0-9963-5B6B6F59D325}
	EndGlobalSection
EndGlobal
